
Microsoft Visual Studio Solution File, Format Version 12.00
# Visual Studio Version 17
VisualStudioVersion = 17.13.36105.23 d17.13
MinimumVisualStudioVersion = 10.0.40219.1
Project("{FAE04EC0-301F-11D3-BF4B-00C04F79EFBC}") = "BookReviewApp.Api", "BookReviewApp.Api.csproj", "{022FBA30-523D-4D1C-5A4F-A1BD5E91B78F}"
EndProject
Global
	GlobalSection(SolutionConfigurationPlatforms) = preSolution
		Debug|Any CPU = Debug|Any CPU
		Release|Any CPU = Release|Any CPU
	EndGlobalSection
	GlobalSection(ProjectConfigurationPlatforms) = postSolution
		{022FBA30-523D-4D1C-5A4F-A1BD5E91B78F}.Debug|Any CPU.ActiveCfg = Debug|Any CPU
		{022FBA30-523D-4D1C-5A4F-A1BD5E91B78F}.Debug|Any CPU.Build.0 = Debug|Any CPU
		{022FBA30-523D-4D1C-5A4F-A1BD5E91B78F}.Release|Any CPU.ActiveCfg = Release|Any CPU
		{022FBA30-523D-4D1C-5A4F-A1BD5E91B78F}.Release|Any CPU.Build.0 = Release|Any CPU
	EndGlobalSection
	GlobalSection(SolutionProperties) = preSolution
		HideSolutionNode = FALSE
	EndGlobalSection
	GlobalSection(ExtensibilityGlobals) = postSolution
		SolutionGuid = {5ACA5F23-57CB-42D7-9F80-B2BF14938F84}
	EndGlobalSection
EndGlobal
